
Microsoft Visual Studio Solution File, Format Version 12.00
# Visual Studio Version 17
VisualStudioVersion = 17.8.34316.72
MinimumVisualStudioVersion = 10.0.40219.1
Project("{FAE04EC0-301F-11D3-BF4B-00C04F79EFBC}") = "App", "App\App.csproj", "{B1D98059-DE58-4023-928A-B8E3BC9F097F}"
EndProject
Global
	GlobalSection(SolutionConfigurationPlatforms) = preSolution
		Debug|Any CPU = Debug|Any CPU
		Release|Any CPU = Release|Any CPU
	EndGlobalSection
	GlobalSection(ProjectConfigurationPlatforms) = postSolution
		{B1D98059-DE58-4023-928A-B8E3BC9F097F}.Debug|Any CPU.ActiveCfg = Debug|Any CPU
		{B1D98059-DE58-4023-928A-B8E3BC9F097F}.Debug|Any CPU.Build.0 = Debug|Any CPU
		{B1D98059-DE58-4023-928A-B8E3BC9F097F}.Release|Any CPU.ActiveCfg = Release|Any CPU
		{B1D98059-DE58-4023-928A-B8E3BC9F097F}.Release|Any CPU.Build.0 = Release|Any CPU
	EndGlobalSection
	GlobalSection(SolutionProperties) = preSolution
		HideSolutionNode = FALSE
	EndGlobalSection
	GlobalSection(ExtensibilityGlobals) = postSolution
		SolutionGuid = {B2214709-740F-4B67-9E85-D3CFB5CC2E08}
	EndGlobalSection
EndGlobal
