
Microsoft Visual Studio Solution File, Format Version 12.00
# Visual Studio Version 17
VisualStudioVersion = 17.8.34330.188
MinimumVisualStudioVersion = 10.0.40219.1
Project("{FAE04EC0-301F-11D3-BF4B-00C04F79EFBC}") = "MyStore_CURD", "MyStore_CURD\MyStore_CURD.csproj", "{613B1B40-17EE-49B7-A348-0D1F0D6F03CA}"
EndProject
Global
	GlobalSection(SolutionConfigurationPlatforms) = preSolution
		Debug|Any CPU = Debug|Any CPU
		Release|Any CPU = Release|Any CPU
	EndGlobalSection
	GlobalSection(ProjectConfigurationPlatforms) = postSolution
		{613B1B40-17EE-49B7-A348-0D1F0D6F03CA}.Debug|Any CPU.ActiveCfg = Debug|Any CPU
		{613B1B40-17EE-49B7-A348-0D1F0D6F03CA}.Debug|Any CPU.Build.0 = Debug|Any CPU
		{613B1B40-17EE-49B7-A348-0D1F0D6F03CA}.Release|Any CPU.ActiveCfg = Release|Any CPU
		{613B1B40-17EE-49B7-A348-0D1F0D6F03CA}.Release|Any CPU.Build.0 = Release|Any CPU
	EndGlobalSection
	GlobalSection(SolutionProperties) = preSolution
		HideSolutionNode = FALSE
	EndGlobalSection
	GlobalSection(ExtensibilityGlobals) = postSolution
		SolutionGuid = {B7B63138-FBE3-4295-B624-D7CC80AA52E3}
	EndGlobalSection
EndGlobal
